{
  "name": "@mxenabled/web-widget-sdk",
  "version": "1.0.0",
  "lockfileVersion": 2,
  "requires": true,
  "packages": {
    "": {
      "name": "@mxenabled/web-widget-sdk",
      "version": "1.0.0",
      "license": "ISC",
      "dependencies": {
        "@mxenabled/widget-post-message-definitions": "^1.0.7"
      },
      "devDependencies": {
        "prettier": "^2.5.1",
        "typescript": "^4.6.2"
      }
    },
    "node_modules/@mxenabled/widget-post-message-definitions": {
      "version": "1.0.7",
      "resolved": "https://registry.npmjs.org/@mxenabled/widget-post-message-definitions/-/widget-post-message-definitions-1.0.7.tgz",
      "integrity": "sha512-oJEEfA/5byXYt5YtymZoPDLwCautAy94UOM9EvnIoZS+QObV1SR6OO1KXyglcyb3a8xAi/1H8iG2tU5kJmZJAA=="
    },
    "node_modules/prettier": {
      "version": "2.5.1",
      "resolved": "https://registry.npmjs.org/prettier/-/prettier-2.5.1.tgz",
      "integrity": "sha512-vBZcPRUR5MZJwoyi3ZoyQlc1rXeEck8KgeC9AwwOn+exuxLxq5toTRDTSaVrXHxelDMHy9zlicw8u66yxoSUFg==",
      "dev": true,
      "bin": {
        "prettier": "bin-prettier.js"
      },
      "engines": {
        "node": ">=10.13.0"
      }
    },
    "node_modules/typescript": {
      "version": "4.6.2",
      "resolved": "https://registry.npmjs.org/typescript/-/typescript-4.6.2.tgz",
      "integrity": "sha512-HM/hFigTBHZhLXshn9sN37H085+hQGeJHJ/X7LpBWLID/fbc2acUMfU+lGD98X81sKP+pFa9f0DZmCwB9GnbAg==",
      "dev": true,
      "bin": {
        "tsc": "bin/tsc",
        "tsserver": "bin/tsserver"
      },
      "engines": {
        "node": ">=4.2.0"
      }
    }
  },
  "dependencies": {
    "@mxenabled/widget-post-message-definitions": {
      "version": "1.0.7",
      "resolved": "https://registry.npmjs.org/@mxenabled/widget-post-message-definitions/-/widget-post-message-definitions-1.0.7.tgz",
      "integrity": "sha512-oJEEfA/5byXYt5YtymZoPDLwCautAy94UOM9EvnIoZS+QObV1SR6OO1KXyglcyb3a8xAi/1H8iG2tU5kJmZJAA=="
    },
    "prettier": {
      "version": "2.5.1",
      "resolved": "https://registry.npmjs.org/prettier/-/prettier-2.5.1.tgz",
      "integrity": "sha512-vBZcPRUR5MZJwoyi3ZoyQlc1rXeEck8KgeC9AwwOn+exuxLxq5toTRDTSaVrXHxelDMHy9zlicw8u66yxoSUFg==",
      "dev": true
    },
    "typescript": {
      "version": "4.6.2",
      "resolved": "https://registry.npmjs.org/typescript/-/typescript-4.6.2.tgz",
      "integrity": "sha512-HM/hFigTBHZhLXshn9sN37H085+hQGeJHJ/X7LpBWLID/fbc2acUMfU+lGD98X81sKP+pFa9f0DZmCwB9GnbAg==",
      "dev": true
    }
  }
}
